
Microsoft Visual Studio Solution File, Format Version 12.00
# Visual Studio 15
VisualStudioVersion = 15.0.26730.16
MinimumVisualStudioVersion = 10.0.40219.1
Project("{FAE04EC0-301F-11D3-BF4B-00C04F79EFBC}") = "WindowsFormsApp1", "WindowsFormsApp1\WindowsFormsApp1.csproj", "{FA0523F8-3927-41DF-BE6C-98AC0EDA88D0}"
EndProject
Global
	GlobalSection(SolutionConfigurationPlatforms) = preSolution
		Debug|Any CPU = Debug|Any CPU
		Release|Any CPU = Release|Any CPU
	EndGlobalSection
	GlobalSection(ProjectConfigurationPlatforms) = postSolution
		{FA0523F8-3927-41DF-BE6C-98AC0EDA88D0}.Debug|Any CPU.ActiveCfg = Debug|Any CPU
		{FA0523F8-3927-41DF-BE6C-98AC0EDA88D0}.Debug|Any CPU.Build.0 = Debug|Any CPU
		{FA0523F8-3927-41DF-BE6C-98AC0EDA88D0}.Release|Any CPU.ActiveCfg = Release|Any CPU
		{FA0523F8-3927-41DF-BE6C-98AC0EDA88D0}.Release|Any CPU.Build.0 = Release|Any CPU
	EndGlobalSection
	GlobalSection(SolutionProperties) = preSolution
		HideSolutionNode = FALSE
	EndGlobalSection
	GlobalSection(ExtensibilityGlobals) = postSolution
		SolutionGuid = {DC2FA115-FDB7-4E67-85D7-A34CD853B87C}
	EndGlobalSection
EndGlobal
